
Microsoft Visual Studio Solution File, Format Version 12.00
# Visual Studio 2013
VisualStudioVersion = 12.0.21005.1
MinimumVisualStudioVersion = 10.0.40219.1
Project("{F088123C-0E9E-452A-89E6-6BA2F21D5CAC}") = "Knot3-Entwurf", "Knot3-Entwurf\Knot3-Entwurf.modelproj", "{5D8D6D84-2FF5-4C67-B2AB-8C7D88E2080C}"
EndProject
Project("{FAE04EC0-301F-11D3-BF4B-00C04F79EFBC}") = "Knot3-Windows", "Knot3-Implementierung\Knot3-Windows.csproj", "{8E6072CE-A35B-455D-93E1-0AA0EBCCBCCF}"
EndProject
Project("{FAE04EC0-301F-11D3-BF4B-00C04F79EFBC}") = "Knot3Content-Windows", "Knot3-Implementierung\Content\Knot3Content-Windows.contentproj", "{CD33049E-0B5F-42BA-B816-658DEDF50DEA}"
EndProject
Project("{FAE04EC0-301F-11D3-BF4B-00C04F79EFBC}") = "Knot3-Unit-Tests", "Knot3-Unit-Tests\Knot3-Unit-Tests-Windows.csproj", "{8FC6B0BE-1FC0-4AC6-8081-7C7CC1D0407D}"
EndProject
Global
	GlobalSection(SolutionConfigurationPlatforms) = preSolution
		Debug|Any CPU = Debug|Any CPU
		Debug|Mixed Platforms = Debug|Mixed Platforms
		Debug|x86 = Debug|x86
		Release|Any CPU = Release|Any CPU
		Release|Mixed Platforms = Release|Mixed Platforms
		Release|x86 = Release|x86
	EndGlobalSection
	GlobalSection(ProjectConfigurationPlatforms) = postSolution
		{5D8D6D84-2FF5-4C67-B2AB-8C7D88E2080C}.Debug|Any CPU.ActiveCfg = Debug|Any CPU
		{5D8D6D84-2FF5-4C67-B2AB-8C7D88E2080C}.Debug|Any CPU.Build.0 = Debug|Any CPU
		{5D8D6D84-2FF5-4C67-B2AB-8C7D88E2080C}.Debug|Mixed Platforms.ActiveCfg = Debug|Any CPU
		{5D8D6D84-2FF5-4C67-B2AB-8C7D88E2080C}.Debug|Mixed Platforms.Build.0 = Debug|Any CPU
		{5D8D6D84-2FF5-4C67-B2AB-8C7D88E2080C}.Debug|x86.ActiveCfg = Debug|Any CPU
		{5D8D6D84-2FF5-4C67-B2AB-8C7D88E2080C}.Release|Any CPU.ActiveCfg = Release|Any CPU
		{5D8D6D84-2FF5-4C67-B2AB-8C7D88E2080C}.Release|Any CPU.Build.0 = Release|Any CPU
		{5D8D6D84-2FF5-4C67-B2AB-8C7D88E2080C}.Release|Mixed Platforms.ActiveCfg = Release|Any CPU
		{5D8D6D84-2FF5-4C67-B2AB-8C7D88E2080C}.Release|Mixed Platforms.Build.0 = Release|Any CPU
		{5D8D6D84-2FF5-4C67-B2AB-8C7D88E2080C}.Release|x86.ActiveCfg = Release|Any CPU
		{8E6072CE-A35B-455D-93E1-0AA0EBCCBCCF}.Debug|Any CPU.ActiveCfg = Debug|x86
		{8E6072CE-A35B-455D-93E1-0AA0EBCCBCCF}.Debug|Mixed Platforms.ActiveCfg = Debug|x86
		{8E6072CE-A35B-455D-93E1-0AA0EBCCBCCF}.Debug|Mixed Platforms.Build.0 = Debug|x86
		{8E6072CE-A35B-455D-93E1-0AA0EBCCBCCF}.Debug|x86.ActiveCfg = Debug|x86
		{8E6072CE-A35B-455D-93E1-0AA0EBCCBCCF}.Debug|x86.Build.0 = Debug|x86
		{8E6072CE-A35B-455D-93E1-0AA0EBCCBCCF}.Release|Any CPU.ActiveCfg = Release|x86
		{8E6072CE-A35B-455D-93E1-0AA0EBCCBCCF}.Release|Mixed Platforms.ActiveCfg = Release|x86
		{8E6072CE-A35B-455D-93E1-0AA0EBCCBCCF}.Release|Mixed Platforms.Build.0 = Release|x86
		{8E6072CE-A35B-455D-93E1-0AA0EBCCBCCF}.Release|x86.ActiveCfg = Release|x86
		{8E6072CE-A35B-455D-93E1-0AA0EBCCBCCF}.Release|x86.Build.0 = Release|x86
		{CD33049E-0B5F-42BA-B816-658DEDF50DEA}.Debug|Any CPU.ActiveCfg = Debug|x86
		{CD33049E-0B5F-42BA-B816-658DEDF50DEA}.Debug|Mixed Platforms.ActiveCfg = Debug|x86
		{CD33049E-0B5F-42BA-B816-658DEDF50DEA}.Debug|x86.ActiveCfg = Debug|x86
		{CD33049E-0B5F-42BA-B816-658DEDF50DEA}.Release|Any CPU.ActiveCfg = Release|x86
		{CD33049E-0B5F-42BA-B816-658DEDF50DEA}.Release|Mixed Platforms.ActiveCfg = Release|x86
		{CD33049E-0B5F-42BA-B816-658DEDF50DEA}.Release|x86.ActiveCfg = Release|x86
		{8FC6B0BE-1FC0-4AC6-8081-7C7CC1D0407D}.Debug|Any CPU.ActiveCfg = Debug|Any CPU
		{8FC6B0BE-1FC0-4AC6-8081-7C7CC1D0407D}.Debug|Any CPU.Build.0 = Debug|Any CPU
		{8FC6B0BE-1FC0-4AC6-8081-7C7CC1D0407D}.Debug|Mixed Platforms.ActiveCfg = Debug|Any CPU
		{8FC6B0BE-1FC0-4AC6-8081-7C7CC1D0407D}.Debug|Mixed Platforms.Build.0 = Debug|Any CPU
		{8FC6B0BE-1FC0-4AC6-8081-7C7CC1D0407D}.Debug|x86.ActiveCfg = Debug|Any CPU
		{8FC6B0BE-1FC0-4AC6-8081-7C7CC1D0407D}.Release|Any CPU.ActiveCfg = Release|Any CPU
		{8FC6B0BE-1FC0-4AC6-8081-7C7CC1D0407D}.Release|Any CPU.Build.0 = Release|Any CPU
		{8FC6B0BE-1FC0-4AC6-8081-7C7CC1D0407D}.Release|Mixed Platforms.ActiveCfg = Release|Any CPU
		{8FC6B0BE-1FC0-4AC6-8081-7C7CC1D0407D}.Release|Mixed Platforms.Build.0 = Release|Any CPU
		{8FC6B0BE-1FC0-4AC6-8081-7C7CC1D0407D}.Release|x86.ActiveCfg = Release|Any CPU
	EndGlobalSection
	GlobalSection(SolutionProperties) = preSolution
		HideSolutionNode = FALSE
	EndGlobalSection
EndGlobal
