
Microsoft Visual Studio Solution File, Format Version 11.00
# Visual Studio 2010
Project("{FAE04EC0-301F-11D3-BF4B-00C04F79EFBC}") = "Knot3-Linux", "Knot3-Implementierung\Knot3-Linux.csproj", "{A7093300-1D0E-462B-83E2-A5DC7C3D145B}"
EndProject
Project("{FAE04EC0-301F-11D3-BF4B-00C04F79EFBC}") = "Knot3-Unit-Tests", "Knot3-Unit-Tests\Knot3-Unit-Tests-Linux.csproj", "{C19C58CE-8C63-4F7F-A38C-D8B204AA21F2}"
EndProject
Global
	GlobalSection(SolutionConfigurationPlatforms) = preSolution
		Debug|x86 = Debug|x86
		Release|x86 = Release|x86
	EndGlobalSection
	GlobalSection(ProjectConfigurationPlatforms) = postSolution
		{A7093300-1D0E-462B-83E2-A5DC7C3D145B}.Debug|x86.ActiveCfg = Debug|x86
		{A7093300-1D0E-462B-83E2-A5DC7C3D145B}.Debug|x86.Build.0 = Debug|x86
		{A7093300-1D0E-462B-83E2-A5DC7C3D145B}.Release|x86.ActiveCfg = Release|x86
		{A7093300-1D0E-462B-83E2-A5DC7C3D145B}.Release|x86.Build.0 = Release|x86
		{C19C58CE-8C63-4F7F-A38C-D8B204AA21F2}.Debug|x86.ActiveCfg = Debug|Any CPU
		{C19C58CE-8C63-4F7F-A38C-D8B204AA21F2}.Debug|x86.Build.0 = Debug|Any CPU
		{C19C58CE-8C63-4F7F-A38C-D8B204AA21F2}.Release|x86.ActiveCfg = Release|Any CPU
		{C19C58CE-8C63-4F7F-A38C-D8B204AA21F2}.Release|x86.Build.0 = Release|Any CPU
	EndGlobalSection
	GlobalSection(MonoDevelopProperties) = preSolution
		StartupItem = Knot3-Implementierung\Knot3-Linux.csproj
	EndGlobalSection
EndGlobal
